{
  "nodes": {
    "crane": {
      "locked": {
        "lastModified": 1737563566,
        "narHash": "sha256-GLJvkOG29XCynQm8XWPyykMRqIhxKcBARVu7Ydrz02M=",
        "owner": "ipetkov",
        "repo": "crane",
        "rev": "849376434956794ebc7a6b487d31aace395392ba",
        "type": "github"
      },
      "original": {
        "owner": "ipetkov",
        "repo": "crane",
        "type": "github"
      }
    },
    "disko": {
      "inputs": {
        "nixpkgs": [
          "nixpkgs"
        ]
      },
      "locked": {
        "lastModified": 1739634831,
        "narHash": "sha256-xFnU+uUl48Icas2wPQ+ZzlL2O3n8f6J2LrzNK9f2nng=",
        "owner": "nix-community",
        "repo": "disko",
        "rev": "fa5746ecea1772cf59b3f34c5816ab3531478142",
        "type": "github"
      },
      "original": {
        "owner": "nix-community",
        "repo": "disko",
        "type": "github"
      }
    },
    "flake-utils": {
      "inputs": {
        "systems": "systems"
      },
      "locked": {
        "lastModified": 1731533236,
        "narHash": "sha256-l0KFg5HjrsfsO/JpG+r7fRrqm12kzFHyUHqHCVpMMbI=",
        "owner": "numtide",
        "repo": "flake-utils",
        "rev": "11707dc2f618dd54ca8739b309ec4fc024de578b",
        "type": "github"
      },
      "original": {
        "owner": "numtide",
        "repo": "flake-utils",
        "type": "github"
      }
    },
    "helix": {
      "inputs": {
        "crane": "crane",
        "flake-utils": "flake-utils",
        "nixpkgs": [
          "nixpkgs"
        ],
        "rust-overlay": "rust-overlay"
      },
      "locked": {
        "lastModified": 1739457098,
        "narHash": "sha256-a4zUQTpHagz1Kb3kLxcflsiF05FsHlrzXEuCjbzjAOM=",
        "owner": "helix-editor",
        "repo": "helix",
        "rev": "7275b7f85014aad7e15d4987ec4f2249572eecfb",
        "type": "github"
      },
      "original": {
        "owner": "helix-editor",
        "repo": "helix",
        "type": "github"
      }
    },
    "home-manager": {
      "inputs": {
        "nixpkgs": [
          "nixpkgs"
        ]
      },
      "locked": {
        "lastModified": 1739724290,
        "narHash": "sha256-dvByZPuVmBgOBLq8GohBy9hEd0/JXj5goXK2OY1Pvgk=",
        "owner": "nix-community",
        "repo": "home-manager",
        "rev": "ec130e700959ee10b63eedbc87758d20264a9588",
        "type": "github"
      },
      "original": {
        "owner": "nix-community",
        "repo": "home-manager",
        "type": "github"
      }
    },
    "impermanence": {
      "locked": {
        "lastModified": 1737831083,
        "narHash": "sha256-LJggUHbpyeDvNagTUrdhe/pRVp4pnS6wVKALS782gRI=",
        "owner": "nix-community",
        "repo": "impermanence",
        "rev": "4b3e914cdf97a5b536a889e939fb2fd2b043a170",
        "type": "github"
      },
      "original": {
        "owner": "nix-community",
        "repo": "impermanence",
        "type": "github"
      }
    },
    "nixpkgs": {
      "locked": {
        "lastModified": 1739580444,
        "narHash": "sha256-+/bSz4EAVbqz8/HsIGLroF8aNaO8bLRL7WfACN+24g4=",
        "owner": "NixOS",
        "repo": "nixpkgs",
        "rev": "8bb37161a0488b89830168b81c48aed11569cb93",
        "type": "github"
      },
      "original": {
        "owner": "NixOS",
        "ref": "nixos-unstable",
        "repo": "nixpkgs",
        "type": "github"
      }
    },
    "root": {
      "inputs": {
        "disko": "disko",
        "helix": "helix",
        "home-manager": "home-manager",
        "impermanence": "impermanence",
        "nixpkgs": "nixpkgs",
        "rust-overlay": "rust-overlay_2"
      }
    },
    "rust-overlay": {
      "inputs": {
        "nixpkgs": [
          "helix",
          "nixpkgs"
        ]
      },
      "locked": {
        "lastModified": 1737599167,
        "narHash": "sha256-S2rHCrQWCDVp63XxL/AQbGr1g5M8Zx14C7Jooa4oM8o=",
        "owner": "oxalica",
        "repo": "rust-overlay",
        "rev": "38374302ae9edf819eac666d1f276d62c712dd06",
        "type": "github"
      },
      "original": {
        "owner": "oxalica",
        "repo": "rust-overlay",
        "type": "github"
      }
    },
    "rust-overlay_2": {
      "inputs": {
        "nixpkgs": [
          "nixpkgs"
        ]
      },
      "locked": {
        "lastModified": 1739673031,
        "narHash": "sha256-Z/GT8ebbvc4goxN4A0A5ACj26G1HaGJO+VetrPuC5Mo=",
        "owner": "oxalica",
        "repo": "rust-overlay",
        "rev": "538528d55318e0c8af1c307dcf10b7629b988fc3",
        "type": "github"
      },
      "original": {
        "owner": "oxalica",
        "repo": "rust-overlay",
        "type": "github"
      }
    },
    "systems": {
      "locked": {
        "lastModified": 1681028828,
        "narHash": "sha256-Vy1rq5AaRuLzOxct8nz4T6wlgyUR7zLU309k9mBC768=",
        "owner": "nix-systems",
        "repo": "default",
        "rev": "da67096a3b9bf56a91d16901293e51ba5b49a27e",
        "type": "github"
      },
      "original": {
        "owner": "nix-systems",
        "repo": "default",
        "type": "github"
      }
    }
  },
  "root": "root",
  "version": 7
}
