name: Update flake.lock

on:
  schedule:
    - cron: "0 */6 * * *"
  workflow_dispatch:

jobs:
  update:
    runs-on: ubuntu-latest

    steps:
      - uses: actions/checkout@v5
      - uses: cachix/install-nix-action@v31

      - run: |
          nix flake update nixpkgs

      - id: git-diff
        run: |
          if git diff --quiet flake.lock; then
            echo "changed=false" >> "$GITHUB_OUTPUT"
          else
            echo "changed=true" >> "$GITHUB_OUTPUT"
          fi

      - if: steps.git-diff.outputs.changed == 'true'
        run: |
          git restore .
          git config user.name "github-actions[bot]"
          git config user.email "41898282+github-actions[bot]@users.noreply.github.com"
          nix flake update --commit-lock-file
          git push
